github.com/go-on/builtin v1.3.3 h1:gFzE1G8cfW31Q3NCt8Cuqy76GvlyL1kYI7mtM1nvzxY=
github.com/go-on/builtin v1.3.3/go.mod h1:OI37wdi1UuaCrQEeqe1Czk/m88dbdTzEUqN/PcFgK2M=
github.com/go-on/builtin v1.4.3 h1:69cA+xeBP5Vu1dNkTGTrWViGeabG7Kwp5xWw9ZOw8KE=
github.com/go-on/builtin v1.4.3/go.mod h1:h8yt3CDDkgJcJJy4jl2VZGMI6+tWNhjMkK8Oey/sKO4=
github.com/go-on/cdncache v1.2.1/go.mod h1:KIOgk+TuKskuJXceUv/0T62vFVpoC1NZT8TPEa+GAL8=
github.com/go-on/go.uuid v0.0.0-20140819143144-a07c134f8289/go.mod h1:oh+a9Y3uKjQUrGQl0NeZF/mBSGqSvC8fDAYXTPONpWM=
github.com/go-on/lib v0.0.0-20180815205859-4096759df747/go.mod h1:VKMj7r5SNUQwYA7gOa8mZ9tj9tPXkcgF1KNIP1R5oYA=
github.com/go-on/lib v3.2.13+incompatible h1:sWfwo+nwUS/5zKpIQiKyWjeAd2g1rW05yMxeukQ3AgU=
github.com/go-on/lib v3.2.13+incompatible/go.mod h1:AK96tJrhZUKqplP1/NiU6N0Ft4zIJAEUHRndbk74eHg=
github.com/go-on/lib/misc/meta v0.0.0-20180815210305-205be1bc79ce h1:mLFNVj+FfnjIThdFKQwq/fT07RDK2kvOb3TAMZ4PZNo=
github.com/go-on/lib/misc/meta v0.0.0-20180815210305-205be1bc79ce/go.mod h1:7nKOdbSItSJIcgXkuyILFFJoAk8whQrE7K/AEzzwoiM=
github.com/go-on/mannersagain v0.0.0-20141215130541-dea8fca0792d/go.mod h1:+1PU3X+vyDajCcTnfBAsyuBjMk9A9ctSQ+UGdLJEphA=
github.com/go-on/method v1.0.1/go.mod h1:ivZsF6eo4tx8pX+Iy6lQRzi4VzRSexkusH6EP9vhCMg=
github.com/go-on/pq v0.0.0-20141218142246-0d009c09e638 h1:Fh6PJnkskaXKxEI4C4/2q0umhKgSrl3ewts2hiCcMTY=
github.com/go-on/pq v0.0.0-20141218142246-0d009c09e638/go.mod h1:xFkcJjWiWn7p+5DKgK79fLbW5V03PuoOb3VT0XWkZu0=
github.com/go-on/router v0.0.0-20180815195830-05bdc85190af/go.mod h1:watDqSV1eK0z4mepXveoSAI8SAgi9a4+mzbZnAi5sbA=
github.com/go-on/wrap v0.0.0-20180815192933-d1ac8ae9b5e2/go.mod h1:44iXyI9gYqkLpd1IgONysG3iTNET2A1wxkDx84ZVr6U=
github.com/go-on/wrap-contrib v2.7.1+incompatible/go.mod h1:bWxySjFLS4TWVzrh5TZICYSYX/NC1jEY5jP0fyx0KbU=
github.com/go-on/wsi v1.3.9/go.mod h1:wM96IwcoReGB78SiYdvjbS1ntS33Dq9tQttWYpA/aJc=
github.com/metakeule/backtrace v1.3.2/go.mod h1:oYKQW/JG2nAd1ayTmtH2sfRsqwHcjSYql84XAj+byFw=
github.com/metakeule/dbwrap v0.0.0-20141218143229-6de813dcb3db h1:3uu22KlyTTyTyrEtSUE+bMBBit10AUs2FWN35vDHEDc=
github.com/metakeule/dbwrap v0.0.0-20141218143229-6de813dcb3db/go.mod h1:bFOfNrwDJsTxZsMY9UtKfJG4Cye4EoSX2adfSbGF69U=
github.com/metakeule/fmtdate v1.1.2/go.mod h1:2JyMFlKxeoGy1qS6obQukT0AL0Y4iNANQL8scbSdT4E=
github.com/metakeule/nil v0.0.0-20141216084250-9ae444737776/go.mod h1:9b7Je8k3ymh8icrvHF4YzTobAuK+rRluIUVvYVpsz78=
golang.org/x/sys v0.0.0-20180815093151-14742f9018cd/go.mod h1:STP8DvDyc/dI5b8T5hshtkjS+E42TnysNCUPdjciGhY=
gopkg.in/fsnotify.v1 v1.4.7/go.mod h1:Tz8NjZHkW78fSQdbUxIjBTcgA1z1m8ZHf0WmKUhAMys=
gopkg.in/go-on/builtin.v1 v1.3.3 h1:p6N2OKubpicyzzfbfC2m/ysewepSDO99M4m6YWqexX8=
gopkg.in/go-on/builtin.v1 v1.3.3/go.mod h1:xkUeGvqV+kQsdwGxsaiA8up95A87RZmCb8BtqEUFSX8=
gopkg.in/go-on/goagain.v1 v1.0.0-20141216105804-57df1cf1051b/go.mod h1:n2O6KZR1FsF1rB7yjCDIEtF/qhkgeeqOTjT2Ioa8C9E=
gopkg.in/go-on/lib.v3 v3.2.13/go.mod h1:MrX4DngGBZGtIev8nHyCiI389rtw1s1yM2JF9n7SOS8=
gopkg.in/go-on/manners.v1 v1.0.0-20140331143616-d86c2a5e749b/go.mod h1:pKTM5dWD7uzNcegByY8TVupRHNRlWv+EfSw5v/sqAT0=
gopkg.in/go-on/pq.v2 v2.0.0-20141218142246-0d009c09e638 h1:jBsAq2dOD1zhKVNq2CGxwdMtsbhYcv6e597+IMuJibI=
gopkg.in/go-on/pq.v2 v2.0.0-20141218142246-0d009c09e638/go.mod h1:vKOBr5pmGgiYdAZQIPWvAh+D2VLh/82PrA1gP5O4cec=
gopkg.in/go-on/router.v2 v2.12.3/go.mod h1:So/EO1+YHzXuhKmxVYYSniwMOiOmIoLFUwHR+40jB9Q=
